
Microsoft Visual Studio Solution File, Format Version 12.00
# Visual Studio 15
VisualStudioVersion = 15.0.26730.16
MinimumVisualStudioVersion = 10.0.40219.1
Project("{9A19103F-16F7-4668-BE54-9A1E7A4F7556}") = "Domain", "Domain\Domain.csproj", "{36D563CC-6646-4860-88B8-22C0F838A4EE}"
EndProject
Project("{9A19103F-16F7-4668-BE54-9A1E7A4F7556}") = "DataAccessLayer", "DAL\DataAccessLayer.csproj", "{0A5D6983-2CE7-41CB-832E-C0468693BD1B}"
EndProject
Project("{9A19103F-16F7-4668-BE54-9A1E7A4F7556}") = "BusinessLogicLayer", "BusinessLogicLayer\BusinessLogicLayer.csproj", "{91FF6669-D37E-4009-8A2D-E0CD19711E0F}"
EndProject
Project("{9A19103F-16F7-4668-BE54-9A1E7A4F7556}") = "WebApi", "WebApi\WebApi.csproj", "{7FE7C220-9D49-4B1A-848D-7DFB183FC9B8}"
EndProject
Project("{9A19103F-16F7-4668-BE54-9A1E7A4F7556}") = "BusinessLogicLayer.Test", "BusinessLogicLayer.Test\BusinessLogicLayer.Test.csproj", "{5056D680-018E-4718-834B-74702D938BC2}"
EndProject
Project("{FAE04EC0-301F-11D3-BF4B-00C04F79EFBC}") = "WebApi.Test", "WebApi.Test\WebApi.Test.csproj", "{648A986C-5104-4CF4-80B0-3FA074D33F59}"
EndProject
Global
	GlobalSection(SolutionConfigurationPlatforms) = preSolution
		Debug|Any CPU = Debug|Any CPU
		Release|Any CPU = Release|Any CPU
	EndGlobalSection
	GlobalSection(ProjectConfigurationPlatforms) = postSolution
		{36D563CC-6646-4860-88B8-22C0F838A4EE}.Debug|Any CPU.ActiveCfg = Debug|Any CPU
		{36D563CC-6646-4860-88B8-22C0F838A4EE}.Debug|Any CPU.Build.0 = Debug|Any CPU
		{36D563CC-6646-4860-88B8-22C0F838A4EE}.Release|Any CPU.ActiveCfg = Release|Any CPU
		{36D563CC-6646-4860-88B8-22C0F838A4EE}.Release|Any CPU.Build.0 = Release|Any CPU
		{0A5D6983-2CE7-41CB-832E-C0468693BD1B}.Debug|Any CPU.ActiveCfg = Debug|Any CPU
		{0A5D6983-2CE7-41CB-832E-C0468693BD1B}.Debug|Any CPU.Build.0 = Debug|Any CPU
		{0A5D6983-2CE7-41CB-832E-C0468693BD1B}.Release|Any CPU.ActiveCfg = Release|Any CPU
		{0A5D6983-2CE7-41CB-832E-C0468693BD1B}.Release|Any CPU.Build.0 = Release|Any CPU
		{91FF6669-D37E-4009-8A2D-E0CD19711E0F}.Debug|Any CPU.ActiveCfg = Debug|Any CPU
		{91FF6669-D37E-4009-8A2D-E0CD19711E0F}.Debug|Any CPU.Build.0 = Debug|Any CPU
		{91FF6669-D37E-4009-8A2D-E0CD19711E0F}.Release|Any CPU.ActiveCfg = Release|Any CPU
		{91FF6669-D37E-4009-8A2D-E0CD19711E0F}.Release|Any CPU.Build.0 = Release|Any CPU
		{7FE7C220-9D49-4B1A-848D-7DFB183FC9B8}.Debug|Any CPU.ActiveCfg = Debug|Any CPU
		{7FE7C220-9D49-4B1A-848D-7DFB183FC9B8}.Debug|Any CPU.Build.0 = Debug|Any CPU
		{7FE7C220-9D49-4B1A-848D-7DFB183FC9B8}.Release|Any CPU.ActiveCfg = Release|Any CPU
		{7FE7C220-9D49-4B1A-848D-7DFB183FC9B8}.Release|Any CPU.Build.0 = Release|Any CPU
		{5056D680-018E-4718-834B-74702D938BC2}.Debug|Any CPU.ActiveCfg = Debug|Any CPU
		{5056D680-018E-4718-834B-74702D938BC2}.Debug|Any CPU.Build.0 = Debug|Any CPU
		{5056D680-018E-4718-834B-74702D938BC2}.Release|Any CPU.ActiveCfg = Release|Any CPU
		{5056D680-018E-4718-834B-74702D938BC2}.Release|Any CPU.Build.0 = Release|Any CPU
		{648A986C-5104-4CF4-80B0-3FA074D33F59}.Debug|Any CPU.ActiveCfg = Debug|Any CPU
		{648A986C-5104-4CF4-80B0-3FA074D33F59}.Debug|Any CPU.Build.0 = Debug|Any CPU
		{648A986C-5104-4CF4-80B0-3FA074D33F59}.Release|Any CPU.ActiveCfg = Release|Any CPU
		{648A986C-5104-4CF4-80B0-3FA074D33F59}.Release|Any CPU.Build.0 = Release|Any CPU
	EndGlobalSection
	GlobalSection(SolutionProperties) = preSolution
		HideSolutionNode = FALSE
	EndGlobalSection
	GlobalSection(ExtensibilityGlobals) = postSolution
		SolutionGuid = {453984D4-DF5C-4308-89FE-EE636CD920E5}
	EndGlobalSection
EndGlobal
